DRB_output/overall_metrics.csv
DRB_output/GW_metrics.csv
DRB_output/prepped.npz
DRB_output/month_metrics.csv
DRB_output/month_reach_metrics.csv
DRB_output/temp_tst.png
DRB_output/flow_tst.png
DRB_output/GW.npz
DRB_output/trained_model
DRB_output/pretrained_model
DRB_output/trn_preds.feather
DRB_output/tst_preds.feather
DRB_output/reach_metrics.csv
DRB_output/temp_trn.png
DRB_output/flow_trn.png
DRB_output/GW_stats_trn.csv
DRB_output/GW_stats_tst.csv
