DRB_outputs/overall_metrics.csv
DRB_outputs/GW_summary.csv
DRB_outputs/GW.png
DRB_outputs/prepped.npz
DRB_outputs/month_metrics.csv
DRB_outputs/month_reach_metrics.csv
DRB_outputs/temp_tst.png
DRB_outputs/flow_tst.png
DRB_outputs/GW.npz
DRB_outputs/trained_model
DRB_outputs/pretrained_model
DRB_outputs/trn_preds.feather
DRB_outputs/tst_preds.feather
DRB_outputs/reach_metrics.csv
DRB_outputs/temp_trn.png
DRB_outputs/flow_trn.png
DRB_outputs/GW_stats_trn.csv
DRB_outputs/GW_stats_tst.csv
